Microsoft Visual Studio Solution File, Format Version 12.00
# Visual Studio Version 17
VisualStudioVersion = 17.5.2.0
MinimumVisualStudioVersion = 10.0.40219.1
Project("{FAE04EC0-301F-11D3-BF4B-00C04F79EFBC}") = "monogame-2.1", "monogame-2.1.csproj", "{D3EF074B-716F-8E6B-93DF-F2CA6CA9DCA4}"
EndProject
Global
	GlobalSection(SolutionConfigurationPlatforms) = preSolution
		Debug|Any CPU = Debug|Any CPU
		Release|Any CPU = Release|Any CPU
	EndGlobalSection
	GlobalSection(ProjectConfigurationPlatforms) = postSolution
		{D3EF074B-716F-8E6B-93DF-F2CA6CA9DCA4}.Debug|Any CPU.ActiveCfg = Debug|Any CPU
		{D3EF074B-716F-8E6B-93DF-F2CA6CA9DCA4}.Debug|Any CPU.Build.0 = Debug|Any CPU
		{D3EF074B-716F-8E6B-93DF-F2CA6CA9DCA4}.Release|Any CPU.ActiveCfg = Release|Any CPU
		{D3EF074B-716F-8E6B-93DF-F2CA6CA9DCA4}.Release|Any CPU.Build.0 = Release|Any CPU
	EndGlobalSection
	GlobalSection(SolutionProperties) = preSolution
		HideSolutionNode = FALSE
	EndGlobalSection
	GlobalSection(ExtensibilityGlobals) = postSolution
		SolutionGuid = {1CECED2E-AC86-4A61-9959-6D06B6B9E9A6}
	EndGlobalSection
EndGlobal
